
Microsoft Visual Studio Solution File, Format Version 12.00
# Visual Studio 2012
Project("{FAE04EC0-301F-11D3-BF4B-00C04F79EFBC}") = "cisteni-kodu", "cisteni-kodu.csproj", "{362ABE6D-ECB0-47B1-B48B-D58D30672BA5}"
EndProject
Project("{FAE04EC0-301F-11D3-BF4B-00C04F79EFBC}") = "cisteni-kodu-test", "..\cisteni-kodu-test\cisteni-kodu-test.csproj", "{41CCA6C8-709C-4D02-AF4D-8268D7E2F0BE}"
EndProject
Global
	GlobalSection(SolutionConfigurationPlatforms) = preSolution
		Debug|Any CPU = Debug|Any CPU
		Release|Any CPU = Release|Any CPU
	EndGlobalSection
	GlobalSection(ProjectConfigurationPlatforms) = postSolution
		{362ABE6D-ECB0-47B1-B48B-D58D30672BA5}.Debug|Any CPU.ActiveCfg = Debug|Any CPU
		{362ABE6D-ECB0-47B1-B48B-D58D30672BA5}.Debug|Any CPU.Build.0 = Debug|Any CPU
		{362ABE6D-ECB0-47B1-B48B-D58D30672BA5}.Release|Any CPU.ActiveCfg = Release|Any CPU
		{362ABE6D-ECB0-47B1-B48B-D58D30672BA5}.Release|Any CPU.Build.0 = Release|Any CPU
		{41CCA6C8-709C-4D02-AF4D-8268D7E2F0BE}.Debug|Any CPU.ActiveCfg = Debug|Any CPU
		{41CCA6C8-709C-4D02-AF4D-8268D7E2F0BE}.Debug|Any CPU.Build.0 = Debug|Any CPU
		{41CCA6C8-709C-4D02-AF4D-8268D7E2F0BE}.Release|Any CPU.ActiveCfg = Release|Any CPU
		{41CCA6C8-709C-4D02-AF4D-8268D7E2F0BE}.Release|Any CPU.Build.0 = Release|Any CPU
	EndGlobalSection
	GlobalSection(SolutionProperties) = preSolution
		HideSolutionNode = FALSE
	EndGlobalSection
EndGlobal
